
Microsoft Visual Studio Solution File, Format Version 12.00
# Visual Studio Version 17
VisualStudioVersion = 17.7.34031.279
MinimumVisualStudioVersion = 10.0.40219.1
Project("{FAE04EC0-301F-11D3-BF4B-00C04F79EFBC}") = "Nortwind_API", "Nortwind_API.csproj", "{ED379F8F-6D1F-4A99-BB62-280C14E09EC3}"
EndProject
Global
	GlobalSection(SolutionConfigurationPlatforms) = preSolution
		Debug|Any CPU = Debug|Any CPU
		Release|Any CPU = Release|Any CPU
	EndGlobalSection
	GlobalSection(ProjectConfigurationPlatforms) = postSolution
		{ED379F8F-6D1F-4A99-BB62-280C14E09EC3}.Debug|Any CPU.ActiveCfg = Debug|Any CPU
		{ED379F8F-6D1F-4A99-BB62-280C14E09EC3}.Debug|Any CPU.Build.0 = Debug|Any CPU
		{ED379F8F-6D1F-4A99-BB62-280C14E09EC3}.Release|Any CPU.ActiveCfg = Release|Any CPU
		{ED379F8F-6D1F-4A99-BB62-280C14E09EC3}.Release|Any CPU.Build.0 = Release|Any CPU
	EndGlobalSection
	GlobalSection(SolutionProperties) = preSolution
		HideSolutionNode = FALSE
	EndGlobalSection
	GlobalSection(ExtensibilityGlobals) = postSolution
		SolutionGuid = {E9A6ED20-6DE7-41CB-B643-ACCB5326D881}
	EndGlobalSection
EndGlobal
