
Microsoft Visual Studio Solution File, Format Version 12.00
# Visual Studio Version 17
VisualStudioVersion = 17.7.34031.279
MinimumVisualStudioVersion = 10.0.40219.1
Project("{FAE04EC0-301F-11D3-BF4B-00C04F79EFBC}") = "Nortwind_API", "Nortwind_API.csproj", "{DFC30994-0965-432E-9DF0-07EC2FE6AEA6}"
EndProject
Project("{2150E333-8FDC-42A3-9474-1A3956D46DE8}") = "Repository", "Repository", "{0903D6A7-9A6C-4635-8940-607C7DDA5098}"
EndProject
Global
	GlobalSection(SolutionConfigurationPlatforms) = preSolution
		Debug|Any CPU = Debug|Any CPU
		Release|Any CPU = Release|Any CPU
	EndGlobalSection
	GlobalSection(ProjectConfigurationPlatforms) = postSolution
		{DFC30994-0965-432E-9DF0-07EC2FE6AEA6}.Debug|Any CPU.ActiveCfg = Debug|Any CPU
		{DFC30994-0965-432E-9DF0-07EC2FE6AEA6}.Debug|Any CPU.Build.0 = Debug|Any CPU
		{DFC30994-0965-432E-9DF0-07EC2FE6AEA6}.Release|Any CPU.ActiveCfg = Release|Any CPU
		{DFC30994-0965-432E-9DF0-07EC2FE6AEA6}.Release|Any CPU.Build.0 = Release|Any CPU
	EndGlobalSection
	GlobalSection(SolutionProperties) = preSolution
		HideSolutionNode = FALSE
	EndGlobalSection
	GlobalSection(ExtensibilityGlobals) = postSolution
		SolutionGuid = {AED2FBDF-2A2B-41AE-B290-DA62720B7661}
	EndGlobalSection
EndGlobal
