
Microsoft Visual Studio Solution File, Format Version 12.00
# Visual Studio Version 17
VisualStudioVersion = 17.7.34031.279
MinimumVisualStudioVersion = 10.0.40219.1
Project("{FAE04EC0-301F-11D3-BF4B-00C04F79EFBC}") = "semaine9", "semaine9.csproj", "{D813FC06-ECBD-48C0-9A85-8245A61D328B}"
EndProject
Global
	GlobalSection(SolutionConfigurationPlatforms) = preSolution
		Debug|Any CPU = Debug|Any CPU
		Release|Any CPU = Release|Any CPU
	EndGlobalSection
	GlobalSection(ProjectConfigurationPlatforms) = postSolution
		{D813FC06-ECBD-48C0-9A85-8245A61D328B}.Debug|Any CPU.ActiveCfg = Debug|Any CPU
		{D813FC06-ECBD-48C0-9A85-8245A61D328B}.Debug|Any CPU.Build.0 = Debug|Any CPU
		{D813FC06-ECBD-48C0-9A85-8245A61D328B}.Release|Any CPU.ActiveCfg = Release|Any CPU
		{D813FC06-ECBD-48C0-9A85-8245A61D328B}.Release|Any CPU.Build.0 = Release|Any CPU
	EndGlobalSection
	GlobalSection(SolutionProperties) = preSolution
		HideSolutionNode = FALSE
	EndGlobalSection
	GlobalSection(ExtensibilityGlobals) = postSolution
		SolutionGuid = {65FA13BB-1273-4F0D-AFA9-95F591245F10}
	EndGlobalSection
EndGlobal
