
Microsoft Visual Studio Solution File, Format Version 12.00
# Visual Studio Version 17
VisualStudioVersion = 17.7.34031.279
MinimumVisualStudioVersion = 10.0.40219.1
Project("{FAE04EC0-301F-11D3-BF4B-00C04F79EFBC}") = "gestionTache", "gestionTache.csproj", "{EEFB2B22-3C2D-4A36-B352-F0E46962297F}"
EndProject
Global
	GlobalSection(SolutionConfigurationPlatforms) = preSolution
		Debug|Any CPU = Debug|Any CPU
		Release|Any CPU = Release|Any CPU
	EndGlobalSection
	GlobalSection(ProjectConfigurationPlatforms) = postSolution
		{EEFB2B22-3C2D-4A36-B352-F0E46962297F}.Debug|Any CPU.ActiveCfg = Debug|Any CPU
		{EEFB2B22-3C2D-4A36-B352-F0E46962297F}.Debug|Any CPU.Build.0 = Debug|Any CPU
		{EEFB2B22-3C2D-4A36-B352-F0E46962297F}.Release|Any CPU.ActiveCfg = Release|Any CPU
		{EEFB2B22-3C2D-4A36-B352-F0E46962297F}.Release|Any CPU.Build.0 = Release|Any CPU
	EndGlobalSection
	GlobalSection(SolutionProperties) = preSolution
		HideSolutionNode = FALSE
	EndGlobalSection
	GlobalSection(ExtensibilityGlobals) = postSolution
		SolutionGuid = {5DB44C67-F6CF-4D95-A13F-CD5385C2A845}
	EndGlobalSection
EndGlobal
