
Microsoft Visual Studio Solution File, Format Version 12.00
# Visual Studio Version 17
VisualStudioVersion = 17.7.34031.279
MinimumVisualStudioVersion = 10.0.40219.1
Project("{FAE04EC0-301F-11D3-BF4B-00C04F79EFBC}") = "Bank_Minimal_API", "Bank_Minimal_API.csproj", "{88D851A9-E738-4822-992B-9CCCC1C67FCD}"
EndProject
Project("{FAE04EC0-301F-11D3-BF4B-00C04F79EFBC}") = "Bank_Minimal_APIController", "..\Bank_Minimal_APIController\Bank_Minimal_APIController.csproj", "{22400A58-8775-4C73-8211-5C404642C545}"
EndProject
Global
	GlobalSection(SolutionConfigurationPlatforms) = preSolution
		Debug|Any CPU = Debug|Any CPU
		Release|Any CPU = Release|Any CPU
	EndGlobalSection
	GlobalSection(ProjectConfigurationPlatforms) = postSolution
		{88D851A9-E738-4822-992B-9CCCC1C67FCD}.Debug|Any CPU.ActiveCfg = Debug|Any CPU
		{88D851A9-E738-4822-992B-9CCCC1C67FCD}.Debug|Any CPU.Build.0 = Debug|Any CPU
		{88D851A9-E738-4822-992B-9CCCC1C67FCD}.Release|Any CPU.ActiveCfg = Release|Any CPU
		{88D851A9-E738-4822-992B-9CCCC1C67FCD}.Release|Any CPU.Build.0 = Release|Any CPU
		{22400A58-8775-4C73-8211-5C404642C545}.Debug|Any CPU.ActiveCfg = Debug|Any CPU
		{22400A58-8775-4C73-8211-5C404642C545}.Debug|Any CPU.Build.0 = Debug|Any CPU
		{22400A58-8775-4C73-8211-5C404642C545}.Release|Any CPU.ActiveCfg = Release|Any CPU
		{22400A58-8775-4C73-8211-5C404642C545}.Release|Any CPU.Build.0 = Release|Any CPU
	EndGlobalSection
	GlobalSection(SolutionProperties) = preSolution
		HideSolutionNode = FALSE
	EndGlobalSection
	GlobalSection(ExtensibilityGlobals) = postSolution
		SolutionGuid = {BF8BDB67-82F4-4D74-88A8-B5F9137656DD}
	EndGlobalSection
EndGlobal
