
Microsoft Visual Studio Solution File, Format Version 12.00
# Visual Studio Version 17
VisualStudioVersion = 17.7.34031.279
MinimumVisualStudioVersion = 10.0.40219.1
Project("{FAE04EC0-301F-11D3-BF4B-00C04F79EFBC}") = "SchoolApp", "SchoolApp.csproj", "{C0E05BFF-E71E-4A8E-9EBF-555C076705F2}"
EndProject
Global
	GlobalSection(SolutionConfigurationPlatforms) = preSolution
		Debug|Any CPU = Debug|Any CPU
		Release|Any CPU = Release|Any CPU
	EndGlobalSection
	GlobalSection(ProjectConfigurationPlatforms) = postSolution
		{C0E05BFF-E71E-4A8E-9EBF-555C076705F2}.Debug|Any CPU.ActiveCfg = Debug|Any CPU
		{C0E05BFF-E71E-4A8E-9EBF-555C076705F2}.Debug|Any CPU.Build.0 = Debug|Any CPU
		{C0E05BFF-E71E-4A8E-9EBF-555C076705F2}.Release|Any CPU.ActiveCfg = Release|Any CPU
		{C0E05BFF-E71E-4A8E-9EBF-555C076705F2}.Release|Any CPU.Build.0 = Release|Any CPU
	EndGlobalSection
	GlobalSection(SolutionProperties) = preSolution
		HideSolutionNode = FALSE
	EndGlobalSection
	GlobalSection(ExtensibilityGlobals) = postSolution
		SolutionGuid = {557D7E99-682F-4238-B3B6-0CF30A8F325D}
	EndGlobalSection
EndGlobal
