
Microsoft Visual Studio Solution File, Format Version 12.00
# Visual Studio Version 17
VisualStudioVersion = 17.7.34031.279
MinimumVisualStudioVersion = 10.0.40219.1
Project("{FAE04EC0-301F-11D3-BF4B-00C04F79EFBC}") = "janvier", "janvier.csproj", "{2327B1F9-0F19-4DB5-A0FD-867D2F54DB99}"
EndProject
Global
	GlobalSection(SolutionConfigurationPlatforms) = preSolution
		Debug|Any CPU = Debug|Any CPU
		Release|Any CPU = Release|Any CPU
	EndGlobalSection
	GlobalSection(ProjectConfigurationPlatforms) = postSolution
		{2327B1F9-0F19-4DB5-A0FD-867D2F54DB99}.Debug|Any CPU.ActiveCfg = Debug|Any CPU
		{2327B1F9-0F19-4DB5-A0FD-867D2F54DB99}.Debug|Any CPU.Build.0 = Debug|Any CPU
		{2327B1F9-0F19-4DB5-A0FD-867D2F54DB99}.Release|Any CPU.ActiveCfg = Release|Any CPU
		{2327B1F9-0F19-4DB5-A0FD-867D2F54DB99}.Release|Any CPU.Build.0 = Release|Any CPU
	EndGlobalSection
	GlobalSection(SolutionProperties) = preSolution
		HideSolutionNode = FALSE
	EndGlobalSection
	GlobalSection(ExtensibilityGlobals) = postSolution
		SolutionGuid = {91B96BF9-C177-4260-9902-6B6D44D2BD6A}
	EndGlobalSection
EndGlobal
